
Microsoft Visual Studio Solution File, Format Version 12.00
# Visual Studio Version 16
VisualStudioVersion = 16.0.31613.86
MinimumVisualStudioVersion = 10.0.40219.1
Project("{FAE04EC0-301F-11D3-BF4B-00C04F79EFBC}") = "Yanez.Evelyn.2E.PrimerParcial", "Yanez.Evelyn.2E.PrimerParcial.csproj", "{6634C003-6968-4C9F-A94F-145782ED797B}"
EndProject
Project("{FAE04EC0-301F-11D3-BF4B-00C04F79EFBC}") = "Entidades", "..\Entidades\Entidades.csproj", "{854CCA2B-E662-4A96-B794-52DBAF2169D8}"
EndProject
Global
	GlobalSection(SolutionConfigurationPlatforms) = preSolution
		Debug|Any CPU = Debug|Any CPU
		Release|Any CPU = Release|Any CPU
	EndGlobalSection
	GlobalSection(ProjectConfigurationPlatforms) = postSolution
		{6634C003-6968-4C9F-A94F-145782ED797B}.Debug|Any CPU.ActiveCfg = Debug|Any CPU
		{6634C003-6968-4C9F-A94F-145782ED797B}.Debug|Any CPU.Build.0 = Debug|Any CPU
		{6634C003-6968-4C9F-A94F-145782ED797B}.Release|Any CPU.ActiveCfg = Release|Any CPU
		{6634C003-6968-4C9F-A94F-145782ED797B}.Release|Any CPU.Build.0 = Release|Any CPU
		{854CCA2B-E662-4A96-B794-52DBAF2169D8}.Debug|Any CPU.ActiveCfg = Debug|Any CPU
		{854CCA2B-E662-4A96-B794-52DBAF2169D8}.Debug|Any CPU.Build.0 = Debug|Any CPU
		{854CCA2B-E662-4A96-B794-52DBAF2169D8}.Release|Any CPU.ActiveCfg = Release|Any CPU
		{854CCA2B-E662-4A96-B794-52DBAF2169D8}.Release|Any CPU.Build.0 = Release|Any CPU
	EndGlobalSection
	GlobalSection(SolutionProperties) = preSolution
		HideSolutionNode = FALSE
	EndGlobalSection
	GlobalSection(ExtensibilityGlobals) = postSolution
		SolutionGuid = {8DD5314F-A879-4900-B585-EEFEA370C947}
	EndGlobalSection
EndGlobal
